
Microsoft Visual Studio Solution File, Format Version 12.00
# Visual Studio Version 17
VisualStudioVersion = 17.14.36414.22 d17.14
MinimumVisualStudioVersion = 10.0.40219.1
Project("{FAE04EC0-301F-11D3-BF4B-00C04F79EFBC}") = "ExcelUtilityLibrary", "ExcelUtilityLibrary\ExcelUtilityLibrary.csproj", "{3BFE5536-3694-4EA3-8119-54339D47A25D}"
EndProject
Project("{FAE04EC0-301F-11D3-BF4B-00C04F79EFBC}") = "ExcelUtilityConsole", "ExcelUtilityConsole\ExcelUtilityConsole.csproj", "{A4BE46EF-0079-4BE6-9270-BF51E59D29C6}"
EndProject
Global
	GlobalSection(SolutionConfigurationPlatforms) = preSolution
		Debug|Any CPU = Debug|Any CPU
		Release|Any CPU = Release|Any CPU
	EndGlobalSection
	GlobalSection(ProjectConfigurationPlatforms) = postSolution
		{3BFE5536-3694-4EA3-8119-54339D47A25D}.Debug|Any CPU.ActiveCfg = Debug|Any CPU
		{3BFE5536-3694-4EA3-8119-54339D47A25D}.Debug|Any CPU.Build.0 = Debug|Any CPU
		{3BFE5536-3694-4EA3-8119-54339D47A25D}.Release|Any CPU.ActiveCfg = Release|Any CPU
		{3BFE5536-3694-4EA3-8119-54339D47A25D}.Release|Any CPU.Build.0 = Release|Any CPU
		{A4BE46EF-0079-4BE6-9270-BF51E59D29C6}.Debug|Any CPU.ActiveCfg = Debug|Any CPU
		{A4BE46EF-0079-4BE6-9270-BF51E59D29C6}.Debug|Any CPU.Build.0 = Debug|Any CPU
		{A4BE46EF-0079-4BE6-9270-BF51E59D29C6}.Release|Any CPU.ActiveCfg = Release|Any CPU
		{A4BE46EF-0079-4BE6-9270-BF51E59D29C6}.Release|Any CPU.Build.0 = Release|Any CPU
	EndGlobalSection
	GlobalSection(SolutionProperties) = preSolution
		HideSolutionNode = FALSE
	EndGlobalSection
	GlobalSection(ExtensibilityGlobals) = postSolution
		SolutionGuid = {0E1DA20C-0CB5-406B-A99C-E6DE9586D2D7}
	EndGlobalSection
EndGlobal
